
Microsoft Visual Studio Solution File, Format Version 12.00
# Visual Studio Version 17
VisualStudioVersion = 17.6.34728.177
MinimumVisualStudioVersion = 10.0.40219.1
Project("{FAE04EC0-301F-11D3-BF4B-00C04F79EFBC}") = "HospitalManagement.App", "HospitalManagement.App\HospitalManagement.App.csproj", "{CEE63996-8049-4E3D-9AAD-392649A7D54F}"
EndProject
Project("{FAE04EC0-301F-11D3-BF4B-00C04F79EFBC}") = "HospitalManagement.Data", "HospitalManagement.Data\HospitalManagement.Data.csproj", "{FE03F554-4797-4BA2-933C-EDC48507619A}"
EndProject
Global
	GlobalSection(SolutionConfigurationPlatforms) = preSolution
		Debug|Any CPU = Debug|Any CPU
		Release|Any CPU = Release|Any CPU
	EndGlobalSection
	GlobalSection(ProjectConfigurationPlatforms) = postSolution
		{CEE63996-8049-4E3D-9AAD-392649A7D54F}.Debug|Any CPU.ActiveCfg = Debug|Any CPU
		{CEE63996-8049-4E3D-9AAD-392649A7D54F}.Debug|Any CPU.Build.0 = Debug|Any CPU
		{CEE63996-8049-4E3D-9AAD-392649A7D54F}.Release|Any CPU.ActiveCfg = Release|Any CPU
		{CEE63996-8049-4E3D-9AAD-392649A7D54F}.Release|Any CPU.Build.0 = Release|Any CPU
		{FE03F554-4797-4BA2-933C-EDC48507619A}.Debug|Any CPU.ActiveCfg = Debug|Any CPU
		{FE03F554-4797-4BA2-933C-EDC48507619A}.Debug|Any CPU.Build.0 = Debug|Any CPU
		{FE03F554-4797-4BA2-933C-EDC48507619A}.Release|Any CPU.ActiveCfg = Release|Any CPU
		{FE03F554-4797-4BA2-933C-EDC48507619A}.Release|Any CPU.Build.0 = Release|Any CPU
	EndGlobalSection
	GlobalSection(SolutionProperties) = preSolution
		HideSolutionNode = FALSE
	EndGlobalSection
	GlobalSection(ExtensibilityGlobals) = postSolution
		SolutionGuid = {A610A381-B21D-4978-B67D-A8A952C1E7E0}
	EndGlobalSection
EndGlobal
